// !$*UTF8*$!
{
	archiveVersion = 1;
	classes = {
	};
	objectVersion = 50;
	objects = {

/* Begin PBXBuildFile section */
		B83589B721858EA8007F7BEC /* AddOrEditContactsViewController.swift in Sources */ = {isa = PBXBuildFile; fileRef = B83589B621858EA8007F7BEC /* AddOrEditContactsViewController.swift */; };
		B83589BC218590CE007F7BEC /* ContactDetailTableViewCell.swift in Sources */ = {isa = PBXBuildFile; fileRef = B83589BB218590CE007F7BEC /* ContactDetailTableViewCell.swift */; };
		B83589BE218590E2007F7BEC /* ContactTableViewCell.swift in Sources */ = {isa = PBXBuildFile; fileRef = B83589BD218590E2007F7BEC /* ContactTableViewCell.swift */; };
		B83589C0218590FC007F7BEC /* AddOrSaveContactTableViewCell.swift in Sources */ = {isa = PBXBuildFile; fileRef = B83589BF218590FC007F7BEC /* AddOrSaveContactTableViewCell.swift */; };
		B851A50521842C0A00DAD220 /* AppDelegate.swift in Sources */ = {isa = PBXBuildFile; fileRef = B851A50421842C0A00DAD220 /* AppDelegate.swift */; };
		B851A50A21842C0A00DAD220 /* Main.storyboard in Resources */ = {isa = PBXBuildFile; fileRef = B851A50821842C0A00DAD220 /* Main.storyboard */; };
		B851A50D21842C0A00DAD220 /* MyContacts.xcdatamodeld in Sources */ = {isa = PBXBuildFile; fileRef = B851A50B21842C0A00DAD220 /* MyContacts.xcdatamodeld */; };
		B851A50F21842C0F00DAD220 /* Assets.xcassets in Resources */ = {isa = PBXBuildFile; fileRef = B851A50E21842C0F00DAD220 /* Assets.xcassets */; };
		B851A51221842C0F00DAD220 /* LaunchScreen.storyboard in Resources */ = {isa = PBXBuildFile; fileRef = B851A51021842C0F00DAD220 /* LaunchScreen.storyboard */; };
		B851A51D21842C0F00DAD220 /* MyContactsTests.swift in Sources */ = {isa = PBXBuildFile; fileRef = B851A51C21842C0F00DAD220 /* MyContactsTests.swift */; };
		B851A52821842C0F00DAD220 /* MyContactsUITests.swift in Sources */ = {isa = PBXBuildFile; fileRef = B851A52721842C0F00DAD220 /* MyContactsUITests.swift */; };
		B851A53921845C1800DAD220 /* ContactsViewController.swift in Sources */ = {isa = PBXBuildFile; fileRef = B851A53821845C1800DAD220 /* ContactsViewController.swift */; };
/* End PBXBuildFile section */

/* Begin PBXContainerItemProxy section */
		B851A51921842C0F00DAD220 /* PBXContainerItemProxy */ = {
			isa = PBXContainerItemProxy;
			containerPortal = B851A4F921842C0A00DAD220 /* Project object */;
			proxyType = 1;
			remoteGlobalIDString = B851A50021842C0A00DAD220;
			remoteInfo = MyContacts;
		};
		B851A52421842C0F00DAD220 /* PBXContainerItemProxy */ = {
			isa = PBXContainerItemProxy;
			containerPortal = B851A4F921842C0A00DAD220 /* Project object */;
			proxyType = 1;
			remoteGlobalIDString = B851A50021842C0A00DAD220;
			remoteInfo = MyContacts;
		};
/* End PBXContainerItemProxy section */

/* Begin PBXFileReference section */
		B83589B621858EA8007F7BEC /* AddOrEditContactsViewController.swift */ = {isa = PBXFileReference; lastKnownFileType = sourcecode.swift; path = AddOrEditContactsViewController.swift; sourceTree = "<group>"; };
		B83589BB218590CE007F7BEC /* ContactDetailTableViewCell.swift */ = {isa = PBXFileReference; lastKnownFileType = sourcecode.swift; path = ContactDetailTableViewCell.swift; sourceTree = "<group>"; };
		B83589BD218590E2007F7BEC /* ContactTableViewCell.swift */ = {isa = PBXFileReference; lastKnownFileType = sourcecode.swift; path = ContactTableViewCell.swift; sourceTree = "<group>"; };
		B83589BF218590FC007F7BEC /* AddOrSaveContactTableViewCell.swift */ = {isa = PBXFileReference; lastKnownFileType = sourcecode.swift; path = AddOrSaveContactTableViewCell.swift; sourceTree = "<group>"; };
		B851A50121842C0A00DAD220 /* MyContacts.app */ = {isa = PBXFileReference; explicitFileType = wrapper.application; includeInIndex = 0; path = MyContacts.app; sourceTree = BUILT_PRODUCTS_DIR; };
		B851A50421842C0A00DAD220 /* AppDelegate.swift */ = {isa = PBXFileReference; lastKnownFileType = sourcecode.swift; path = AppDelegate.swift; sourceTree = "<group>"; };
		B851A50921842C0A00DAD220 /* Base */ = {isa = PBXFileReference; lastKnownFileType = file.storyboard; name = Base; path = Base.lproj/Main.storyboard; sourceTree = "<group>"; };
		B851A50C21842C0A00DAD220 /* MyContacts.xcdatamodel */ = {isa = PBXFileReference; lastKnownFileType = wrapper.xcdatamodel; path = MyContacts.xcdatamodel; sourceTree = "<group>"; };
		B851A50E21842C0F00DAD220 /* Assets.xcassets */ = {isa = PBXFileReference; lastKnownFileType = folder.assetcatalog; path = Assets.xcassets; sourceTree = "<group>"; };
		B851A51121842C0F00DAD220 /* Base */ = {isa = PBXFileReference; lastKnownFileType = file.storyboard; name = Base; path = Base.lproj/LaunchScreen.storyboard; sourceTree = "<group>"; };
		B851A51321842C0F00DAD220 /* Info.plist */ = {isa = PBXFileReference; lastKnownFileType = text.plist.xml; path = Info.plist; sourceTree = "<group>"; };
		B851A51821842C0F00DAD220 /* MyContactsTests.xctest */ = {isa = PBXFileReference; explicitFileType = wrapper.cfbundle; includeInIndex = 0; path = MyContactsTests.xctest; sourceTree = BUILT_PRODUCTS_DIR; };
		B851A51C21842C0F00DAD220 /* MyContactsTests.swift */ = {isa = PBXFileReference; lastKnownFileType = sourcecode.swift; path = MyContactsTests.swift; sourceTree = "<group>"; };
		B851A51E21842C0F00DAD220 /* Info.plist */ = {isa = PBXFileReference; lastKnownFileType = text.plist.xml; path = Info.plist; sourceTree = "<group>"; };
		B851A52321842C0F00DAD220 /* MyContactsUITests.xctest */ = {isa = PBXFileReference; explicitFileType = wrapper.cfbundle; includeInIndex = 0; path = MyContactsUITests.xctest; sourceTree = BUILT_PRODUCTS_DIR; };
		B851A52721842C0F00DAD220 /* MyContactsUITests.swift */ = {isa = PBXFileReference; lastKnownFileType = sourcecode.swift; path = MyContactsUITests.swift; sourceTree = "<group>"; };
		B851A52921842C0F00DAD220 /* Info.plist */ = {isa = PBXFileReference; lastKnownFileType = text.plist.xml; path = Info.plist; sourceTree = "<group>"; };
		B851A53821845C1800DAD220 /* ContactsViewController.swift */ = {isa = PBXFileReference; lastKnownFileType = sourcecode.swift; path = ContactsViewController.swift; sourceTree = "<group>"; };
/* End PBXFileReference section */

/* Begin PBXFrameworksBuildPhase section */
		B851A4FE21842C0A00DAD220 /* Frameworks */ = {
			isa = PBXFrameworksBuildPhase;
			buildActionMask = 2147483647;
			files = (
			);
			runOnlyForDeploymentPostprocessing = 0;
		};
		B851A51521842C0F00DAD220 /* Frameworks */ = {
			isa = PBXFrameworksBuildPhase;
			buildActionMask = 2147483647;
			files = (
			);
			runOnlyForDeploymentPostprocessing = 0;
		};
		B851A52021842C0F00DAD220 /* Frameworks */ = {
			isa = PBXFrameworksBuildPhase;
			buildActionMask = 2147483647;
			files = (
			);
			runOnlyForDeploymentPostprocessing = 0;
		};
/* End PBXFrameworksBuildPhase section */

/* Begin PBXGroup section */
		B83589B821858FA5007F7BEC /* TableViewCells */ = {
			isa = PBXGroup;
			children = (
				B83589BB218590CE007F7BEC /* ContactDetailTableViewCell.swift */,
				B83589BD218590E2007F7BEC /* ContactTableViewCell.swift */,
				B83589BF218590FC007F7BEC /* AddOrSaveContactTableViewCell.swift */,
			);
			path = TableViewCells;
			sourceTree = "<group>";
		};
		B851A4F821842C0A00DAD220 = {
			isa = PBXGroup;
			children = (
				B851A50321842C0A00DAD220 /* MyContacts */,
				B851A51B21842C0F00DAD220 /* MyContactsTests */,
				B851A52621842C0F00DAD220 /* MyContactsUITests */,
				B851A50221842C0A00DAD220 /* Products */,
			);
			sourceTree = "<group>";
		};
		B851A50221842C0A00DAD220 /* Products */ = {
			isa = PBXGroup;
			children = (
				B851A50121842C0A00DAD220 /* MyContacts.app */,
				B851A51821842C0F00DAD220 /* MyContactsTests.xctest */,
				B851A52321842C0F00DAD220 /* MyContactsUITests.xctest */,
			);
			name = Products;
			sourceTree = "<group>";
		};
		B851A50321842C0A00DAD220 /* MyContacts */ = {
			isa = PBXGroup;
			children = (
				B83589B821858FA5007F7BEC /* TableViewCells */,
				B851A537218431CE00DAD220 /* Storyboard */,
				B851A536218431B200DAD220 /* ViewController */,
				B851A5352184317900DAD220 /* Model */,
				B851A50B21842C0A00DAD220 /* MyContacts.xcdatamodeld */,
				B851A50421842C0A00DAD220 /* AppDelegate.swift */,
				B851A50E21842C0F00DAD220 /* Assets.xcassets */,
				B851A51321842C0F00DAD220 /* Info.plist */,
			);
			path = MyContacts;
			sourceTree = "<group>";
		};
		B851A51B21842C0F00DAD220 /* MyContactsTests */ = {
			isa = PBXGroup;
			children = (
				B851A51C21842C0F00DAD220 /* MyContactsTests.swift */,
				B851A51E21842C0F00DAD220 /* Info.plist */,
			);
			path = MyContactsTests;
			sourceTree = "<group>";
		};
		B851A52621842C0F00DAD220 /* MyContactsUITests */ = {
			isa = PBXGroup;
			children = (
				B851A52721842C0F00DAD220 /* MyContactsUITests.swift */,
				B851A52921842C0F00DAD220 /* Info.plist */,
			);
			path = MyContactsUITests;
			sourceTree = "<group>";
		};
		B851A5352184317900DAD220 /* Model */ = {
			isa = PBXGroup;
			children = (
			);
			path = Model;
			sourceTree = "<group>";
		};
		B851A536218431B200DAD220 /* ViewController */ = {
			isa = PBXGroup;
			children = (
				B851A53821845C1800DAD220 /* ContactsViewController.swift */,
				B83589B621858EA8007F7BEC /* AddOrEditContactsViewController.swift */,
			);
			path = ViewController;
			sourceTree = "<group>";
		};
		B851A537218431CE00DAD220 /* Storyboard */ = {
			isa = PBXGroup;
			children = (
				B851A50821842C0A00DAD220 /* Main.storyboard */,
				B851A51021842C0F00DAD220 /* LaunchScreen.storyboard */,
			);
			path = Storyboard;
			sourceTree = "<group>";
		};
/* End PBXGroup section */

/* Begin PBXNativeTarget section */
		B851A50021842C0A00DAD220 /* MyContacts */ = {
			isa = PBXNativeTarget;
			buildConfigurationList = B851A52C21842C0F00DAD220 /* Build configuration list for PBXNativeTarget "MyContacts" */;
			buildPhases = (
				B851A4FD21842C0A00DAD220 /* Sources */,
				B851A4FE21842C0A00DAD220 /* Frameworks */,
				B851A4FF21842C0A00DAD220 /* Resources */,
			);
			buildRules = (
			);
			dependencies = (
			);
			name = MyContacts;
			productName = MyContacts;
			productReference = B851A50121842C0A00DAD220 /* MyContacts.app */;
			productType = "com.apple.product-type.application";
		};
		B851A51721842C0F00DAD220 /* MyContactsTests */ = {
			isa = PBXNativeTarget;
			buildConfigurationList = B851A52F21842C0F00DAD220 /* Build configuration list for PBXNativeTarget "MyContactsTests" */;
			buildPhases = (
				B851A51421842C0F00DAD220 /* Sources */,
				B851A51521842C0F00DAD220 /* Frameworks */,
				B851A51621842C0F00DAD220 /* Resources */,
			);
			buildRules = (
			);
			dependencies = (
				B851A51A21842C0F00DAD220 /* PBXTargetDependency */,
			);
			name = MyContactsTests;
			productName = MyContactsTests;
			productReference = B851A51821842C0F00DAD220 /* MyContactsTests.xctest */;
			productType = "com.apple.product-type.bundle.unit-test";
		};
		B851A52221842C0F00DAD220 /* MyContactsUITests */ = {
			isa = PBXNativeTarget;
			buildConfigurationList = B851A53221842C0F00DAD220 /* Build configuration list for PBXNativeTarget "MyContactsUITests" */;
			buildPhases = (
				B851A51F21842C0F00DAD220 /* Sources */,
				B851A52021842C0F00DAD220 /* Frameworks */,
				B851A52121842C0F00DAD220 /* Resources */,
			);
			buildRules = (
			);
			dependencies = (
				B851A52521842C0F00DAD220 /* PBXTargetDependency */,
			);
			name = MyContactsUITests;
			productName = MyContactsUITests;
			productReference = B851A52321842C0F00DAD220 /* MyContactsUITests.xctest */;
			productType = "com.apple.product-type.bundle.ui-testing";
		};
/* End PBXNativeTarget section */

/* Begin PBXProject section */
		B851A4F921842C0A00DAD220 /* Project object */ = {
			isa = PBXProject;
			attributes = {
				LastSwiftUpdateCheck = 1000;
				LastUpgradeCheck = 1000;
				ORGANIZATIONNAME = sujananth;
				TargetAttributes = {
					B851A50021842C0A00DAD220 = {
						CreatedOnToolsVersion = 10.0;
					};
					B851A51721842C0F00DAD220 = {
						CreatedOnToolsVersion = 10.0;
						TestTargetID = B851A50021842C0A00DAD220;
					};
					B851A52221842C0F00DAD220 = {
						CreatedOnToolsVersion = 10.0;
						TestTargetID = B851A50021842C0A00DAD220;
					};
				};
			};
			buildConfigurationList = B851A4FC21842C0A00DAD220 /* Build configuration list for PBXProject "MyContacts" */;
			compatibilityVersion = "Xcode 9.3";
			developmentRegion = en;
			hasScannedForEncodings = 0;
			knownRegions = (
				en,
				Base,
			);
			mainGroup = B851A4F821842C0A00DAD220;
			productRefGroup = B851A50221842C0A00DAD220 /* Products */;
			projectDirPath = "";
			projectRoot = "";
			targets = (
				B851A50021842C0A00DAD220 /* MyContacts */,
				B851A51721842C0F00DAD220 /* MyContactsTests */,
				B851A52221842C0F00DAD220 /* MyContactsUITests */,
			);
		};
/* End PBXProject section */

/* Begin PBXResourcesBuildPhase section */
		B851A4FF21842C0A00DAD220 /* Resources */ = {
			isa = PBXResourcesBuildPhase;
			buildActionMask = 2147483647;
			files = (
				B851A51221842C0F00DAD220 /* LaunchScreen.storyboard in Resources */,
				B851A50F21842C0F00DAD220 /* Assets.xcassets in Resources */,
				B851A50A21842C0A00DAD220 /* Main.storyboard in Resources */,
			);
			runOnlyForDeploymentPostprocessing = 0;
		};
		B851A51621842C0F00DAD220 /* Resources */ = {
			isa = PBXResourcesBuildPhase;
			buildActionMask = 2147483647;
			files = (
			);
			runOnlyForDeploymentPostprocessing = 0;
		};
		B851A52121842C0F00DAD220 /* Resources */ = {
			isa = PBXResourcesBuildPhase;
			buildActionMask = 2147483647;
			files = (
			);
			runOnlyForDeploymentPostprocessing = 0;
		};
/* End PBXResourcesBuildPhase section */

/* Begin PBXSourcesBuildPhase section */
		B851A4FD21842C0A00DAD220 /* Sources */ = {
			isa = PBXSourcesBuildPhase;
			buildActionMask = 2147483647;
			files = (
				B83589C0218590FC007F7BEC /* AddOrSaveContactTableViewCell.swift in Sources */,
				B83589BE218590E2007F7BEC /* ContactTableViewCell.swift in Sources */,
				B83589BC218590CE007F7BEC /* ContactDetailTableViewCell.swift in Sources */,
				B851A50521842C0A00DAD220 /* AppDelegate.swift in Sources */,
				B851A50D21842C0A00DAD220 /* MyContacts.xcdatamodeld in Sources */,
				B83589B721858EA8007F7BEC /* AddOrEditContactsViewController.swift in Sources */,
				B851A53921845C1800DAD220 /* ContactsViewController.swift in Sources */,
			);
			runOnlyForDeploymentPostprocessing = 0;
		};
		B851A51421842C0F00DAD220 /* Sources */ = {
			isa = PBXSourcesBuildPhase;
			buildActionMask = 2147483647;
			files = (
				B851A51D21842C0F00DAD220 /* MyContactsTests.swift in Sources */,
			);
			runOnlyForDeploymentPostprocessing = 0;
		};
		B851A51F21842C0F00DAD220 /* Sources */ = {
			isa = PBXSourcesBuildPhase;
			buildActionMask = 2147483647;
			files = (
				B851A52821842C0F00DAD220 /* MyContactsUITests.swift in Sources */,
			);
			runOnlyForDeploymentPostprocessing = 0;
		};
/* End PBXSourcesBuildPhase section */

/* Begin PBXTargetDependency section */
		B851A51A21842C0F00DAD220 /* PBXTargetDependency */ = {
			isa = PBXTargetDependency;
			target = B851A50021842C0A00DAD220 /* MyContacts */;
			targetProxy = B851A51921842C0F00DAD220 /* PBXContainerItemProxy */;
		};
		B851A52521842C0F00DAD220 /* PBXTargetDependency */ = {
			isa = PBXTargetDependency;
			target = B851A50021842C0A00DAD220 /* MyContacts */;
			targetProxy = B851A52421842C0F00DAD220 /* PBXContainerItemProxy */;
		};
/* End PBXTargetDependency section */

/* Begin PBXVariantGroup section */
		B851A50821842C0A00DAD220 /* Main.storyboard */ = {
			isa = PBXVariantGroup;
			children = (
				B851A50921842C0A00DAD220 /* Base */,
			);
			name = Main.storyboard;
			sourceTree = "<group>";
		};
		B851A51021842C0F00DAD220 /* LaunchScreen.storyboard */ = {
			isa = PBXVariantGroup;
			children = (
				B851A51121842C0F00DAD220 /* Base */,
			);
			name = LaunchScreen.storyboard;
			sourceTree = "<group>";
		};
/* End PBXVariantGroup section */

/* Begin XCBuildConfiguration section */
		B851A52A21842C0F00DAD220 /* Debug */ = {
			isa = XCBuildConfiguration;
			buildSettings = {
				ALWAYS_SEARCH_USER_PATHS = NO;
				CLANG_ANALYZER_NONNULL = YES;
				CLANG_ANALYZER_NUMBER_OBJECT_CONVERSION = YES_AGGRESSIVE;
				CLANG_CXX_LANGUAGE_STANDARD = "gnu++14";
				CLANG_CXX_LIBRARY = "libc++";
				CLANG_ENABLE_MODULES = YES;
				CLANG_ENABLE_OBJC_ARC = YES;
				CLANG_ENABLE_OBJC_WEAK = YES;
				CLANG_WARN_BLOCK_CAPTURE_AUTORELEASING = YES;
				CLANG_WARN_BOOL_CONVERSION = YES;
				CLANG_WARN_COMMA = YES;
				CLANG_WARN_CONSTANT_CONVERSION = YES;
				CLANG_WARN_DEPRECATED_OBJC_IMPLEMENTATIONS = YES;
				CLANG_WARN_DIRECT_OBJC_ISA_USAGE = YES_ERROR;
				CLANG_WARN_DOCUMENTATION_COMMENTS = YES;
				CLANG_WARN_EMPTY_BODY = YES;
				CLANG_WARN_ENUM_CONVERSION = YES;
				CLANG_WARN_INFINITE_RECURSION = YES;
				CLANG_WARN_INT_CONVERSION = YES;
				CLANG_WARN_NON_LITERAL_NULL_CONVERSION = YES;
				CLANG_WARN_OBJC_IMPLICIT_RETAIN_SELF = YES;
				CLANG_WARN_OBJC_LITERAL_CONVERSION = YES;
				CLANG_WARN_OBJC_ROOT_CLASS = YES_ERROR;
				CLANG_WARN_RANGE_LOOP_ANALYSIS = YES;
				CLANG_WARN_STRICT_PROTOTYPES = YES;
				CLANG_WARN_SUSPICIOUS_MOVE = YES;
				CLANG_WARN_UNGUARDED_AVAILABILITY = YES_AGGRESSIVE;
				CLANG_WARN_UNREACHABLE_CODE = YES;
				CLANG_WARN__DUPLICATE_METHOD_MATCH = YES;
				CODE_SIGN_IDENTITY = "iPhone Developer";
				COPY_PHASE_STRIP = NO;
				DEBUG_INFORMATION_FORMAT = dwarf;
				ENABLE_STRICT_OBJC_MSGSEND = YES;
				ENABLE_TESTABILITY = YES;
				GCC_C_LANGUAGE_STANDARD = gnu11;
				GCC_DYNAMIC_NO_PIC = NO;
				GCC_NO_COMMON_BLOCKS = YES;
				GCC_OPTIMIZATION_LEVEL = 0;
				GCC_PREPROCESSOR_DEFINITIONS = (
					"DEBUG=1",
					"$(inherited)",
				);
				GCC_WARN_64_TO_32_BIT_CONVERSION = YES;
				GCC_WARN_ABOUT_RETURN_TYPE = YES_ERROR;
				GCC_WARN_UNDECLARED_SELECTOR = YES;
				GCC_WARN_UNINITIALIZED_AUTOS = YES_AGGRESSIVE;
				GCC_WARN_UNUSED_FUNCTION = YES;
				GCC_WARN_UNUSED_VARIABLE = YES;
				IPHONEOS_DEPLOYMENT_TARGET = 12.0;
				MTL_ENABLE_DEBUG_INFO = INCLUDE_SOURCE;
				MTL_FAST_MATH = YES;
				ONLY_ACTIVE_ARCH = YES;
				SDKROOT = iphoneos;
				SWIFT_ACTIVE_COMPILATION_CONDITIONS = DEBUG;
				SWIFT_OPTIMIZATION_LEVEL = "-Onone";
			};
			name = Debug;
		};
		B851A52B21842C0F00DAD220 /* Release */ = {
			isa = XCBuildConfiguration;
			buildSettings = {
				ALWAYS_SEARCH_USER_PATHS = NO;
				CLANG_ANALYZER_NONNULL = YES;
				CLANG_ANALYZER_NUMBER_OBJECT_CONVERSION = YES_AGGRESSIVE;
				CLANG_CXX_LANGUAGE_STANDARD = "gnu++14";
				CLANG_CXX_LIBRARY = "libc++";
				CLANG_ENABLE_MODULES = YES;
				CLANG_ENABLE_OBJC_ARC = YES;
				CLANG_ENABLE_OBJC_WEAK = YES;
				CLANG_WARN_BLOCK_CAPTURE_AUTORELEASING = YES;
				CLANG_WARN_BOOL_CONVERSION = YES;
				CLANG_WARN_COMMA = YES;
				CLANG_WARN_CONSTANT_CONVERSION = YES;
				CLANG_WARN_DEPRECATED_OBJC_IMPLEMENTATIONS = YES;
				CLANG_WARN_DIRECT_OBJC_ISA_USAGE = YES_ERROR;
				CLANG_WARN_DOCUMENTATION_COMMENTS = YES;
				CLANG_WARN_EMPTY_BODY = YES;
				CLANG_WARN_ENUM_CONVERSION = YES;
				CLANG_WARN_INFINITE_RECURSION = YES;
				CLANG_WARN_INT_CONVERSION = YES;
				CLANG_WARN_NON_LITERAL_NULL_CONVERSION = YES;
				CLANG_WARN_OBJC_IMPLICIT_RETAIN_SELF = YES;
				CLANG_WARN_OBJC_LITERAL_CONVERSION = YES;
				CLANG_WARN_OBJC_ROOT_CLASS = YES_ERROR;
				CLANG_WARN_RANGE_LOOP_ANALYSIS = YES;
				CLANG_WARN_STRICT_PROTOTYPES = YES;
				CLANG_WARN_SUSPICIOUS_MOVE = YES;
				CLANG_WARN_UNGUARDED_AVAILABILITY = YES_AGGRESSIVE;
				CLANG_WARN_UNREACHABLE_CODE = YES;
				CLANG_WARN__DUPLICATE_METHOD_MATCH = YES;
				CODE_SIGN_IDENTITY = "iPhone Developer";
				COPY_PHASE_STRIP = NO;
				DEBUG_INFORMATION_FORMAT = "dwarf-with-dsym";
				ENABLE_NS_ASSERTIONS = NO;
				ENABLE_STRICT_OBJC_MSGSEND = YES;
				GCC_C_LANGUAGE_STANDARD = gnu11;
				GCC_NO_COMMON_BLOCKS = YES;
				GCC_WARN_64_TO_32_BIT_CONVERSION = YES;
				GCC_WARN_ABOUT_RETURN_TYPE = YES_ERROR;
				GCC_WARN_UNDECLARED_SELECTOR = YES;
				GCC_WARN_UNINITIALIZED_AUTOS = YES_AGGRESSIVE;
				GCC_WARN_UNUSED_FUNCTION = YES;
				GCC_WARN_UNUSED_VARIABLE = YES;
				IPHONEOS_DEPLOYMENT_TARGET = 12.0;
				MTL_ENABLE_DEBUG_INFO = NO;
				MTL_FAST_MATH = YES;
				SDKROOT = iphoneos;
				SWIFT_COMPILATION_MODE = wholemodule;
				SWIFT_OPTIMIZATION_LEVEL = "-O";
				VALIDATE_PRODUCT = YES;
			};
			name = Release;
		};
		B851A52D21842C0F00DAD220 /* Debug */ = {
			isa = XCBuildConfiguration;
			buildSettings = {
				ASSETCATALOG_COMPILER_APPICON_NAME = AppIcon;
				CODE_SIGN_STYLE = Automatic;
				INFOPLIST_FILE = MyContacts/Info.plist;
				LD_RUNPATH_SEARCH_PATHS = (
					"$(inherited)",
					"@executable_path/Frameworks",
				);
				PRODUCT_BUNDLE_IDENTIFIER = com.sujan.MyContacts;
				PRODUCT_NAME = "$(TARGET_NAME)";
				SWIFT_VERSION = 4.2;
				TARGETED_DEVICE_FAMILY = "1,2";
			};
			name = Debug;
		};
		B851A52E21842C0F00DAD220 /* Release */ = {
			isa = XCBuildConfiguration;
			buildSettings = {
				ASSETCATALOG_COMPILER_APPICON_NAME = AppIcon;
				CODE_SIGN_STYLE = Automatic;
				INFOPLIST_FILE = MyContacts/Info.plist;
				LD_RUNPATH_SEARCH_PATHS = (
					"$(inherited)",
					"@executable_path/Frameworks",
				);
				PRODUCT_BUNDLE_IDENTIFIER = com.sujan.MyContacts;
				PRODUCT_NAME = "$(TARGET_NAME)";
				SWIFT_VERSION = 4.2;
				TARGETED_DEVICE_FAMILY = "1,2";
			};
			name = Release;
		};
		B851A53021842C0F00DAD220 /* Debug */ = {
			isa = XCBuildConfiguration;
			buildSettings = {
				ALWAYS_EMBED_SWIFT_STANDARD_LIBRARIES = YES;
				BUNDLE_LOADER = "$(TEST_HOST)";
				CODE_SIGN_STYLE = Automatic;
				INFOPLIST_FILE = MyContactsTests/Info.plist;
				LD_RUNPATH_SEARCH_PATHS = (
					"$(inherited)",
					"@executable_path/Frameworks",
					"@loader_path/Frameworks",
				);
				PRODUCT_BUNDLE_IDENTIFIER = com.sujan.MyContactsTests;
				PRODUCT_NAME = "$(TARGET_NAME)";
				SWIFT_VERSION = 4.2;
				TARGETED_DEVICE_FAMILY = "1,2";
				TEST_HOST = "$(BUILT_PRODUCTS_DIR)/MyContacts.app/MyContacts";
			};
			name = Debug;
		};
		B851A53121842C0F00DAD220 /* Release */ = {
			isa = XCBuildConfiguration;
			buildSettings = {
				ALWAYS_EMBED_SWIFT_STANDARD_LIBRARIES = YES;
				BUNDLE_LOADER = "$(TEST_HOST)";
				CODE_SIGN_STYLE = Automatic;
				INFOPLIST_FILE = MyContactsTests/Info.plist;
				LD_RUNPATH_SEARCH_PATHS = (
					"$(inherited)",
					"@executable_path/Frameworks",
					"@loader_path/Frameworks",
				);
				PRODUCT_BUNDLE_IDENTIFIER = com.sujan.MyContactsTests;
				PRODUCT_NAME = "$(TARGET_NAME)";
				SWIFT_VERSION = 4.2;
				TARGETED_DEVICE_FAMILY = "1,2";
				TEST_HOST = "$(BUILT_PRODUCTS_DIR)/MyContacts.app/MyContacts";
			};
			name = Release;
		};
		B851A53321842C0F00DAD220 /* Debug */ = {
			isa = XCBuildConfiguration;
			buildSettings = {
				ALWAYS_EMBED_SWIFT_STANDARD_LIBRARIES = YES;
				CODE_SIGN_STYLE = Automatic;
				INFOPLIST_FILE = MyContactsUITests/Info.plist;
				LD_RUNPATH_SEARCH_PATHS = (
					"$(inherited)",
					"@executable_path/Frameworks",
					"@loader_path/Frameworks",
				);
				PRODUCT_BUNDLE_IDENTIFIER = com.sujan.MyContactsUITests;
				PRODUCT_NAME = "$(TARGET_NAME)";
				SWIFT_VERSION = 4.2;
				TARGETED_DEVICE_FAMILY = "1,2";
				TEST_TARGET_NAME = MyContacts;
			};
			name = Debug;
		};
		B851A53421842C0F00DAD220 /* Release */ = {
			isa = XCBuildConfiguration;
			buildSettings = {
				ALWAYS_EMBED_SWIFT_STANDARD_LIBRARIES = YES;
				CODE_SIGN_STYLE = Automatic;
				INFOPLIST_FILE = MyContactsUITests/Info.plist;
				LD_RUNPATH_SEARCH_PATHS = (
					"$(inherited)",
					"@executable_path/Frameworks",
					"@loader_path/Frameworks",
				);
				PRODUCT_BUNDLE_IDENTIFIER = com.sujan.MyContactsUITests;
				PRODUCT_NAME = "$(TARGET_NAME)";
				SWIFT_VERSION = 4.2;
				TARGETED_DEVICE_FAMILY = "1,2";
				TEST_TARGET_NAME = MyContacts;
			};
			name = Release;
		};
/* End XCBuildConfiguration section */

/* Begin XCConfigurationList section */
		B851A4FC21842C0A00DAD220 /* Build configuration list for PBXProject "MyContacts" */ = {
			isa = XCConfigurationList;
			buildConfigurations = (
				B851A52A21842C0F00DAD220 /* Debug */,
				B851A52B21842C0F00DAD220 /* Release */,
			);
			defaultConfigurationIsVisible = 0;
			defaultConfigurationName = Release;
		};
		B851A52C21842C0F00DAD220 /* Build configuration list for PBXNativeTarget "MyContacts" */ = {
			isa = XCConfigurationList;
			buildConfigurations = (
				B851A52D21842C0F00DAD220 /* Debug */,
				B851A52E21842C0F00DAD220 /* Release */,
			);
			defaultConfigurationIsVisible = 0;
			defaultConfigurationName = Release;
		};
		B851A52F21842C0F00DAD220 /* Build configuration list for PBXNativeTarget "MyContactsTests" */ = {
			isa = XCConfigurationList;
			buildConfigurations = (
				B851A53021842C0F00DAD220 /* Debug */,
				B851A53121842C0F00DAD220 /* Release */,
			);
			defaultConfigurationIsVisible = 0;
			defaultConfigurationName = Release;
		};
		B851A53221842C0F00DAD220 /* Build configuration list for PBXNativeTarget "MyContactsUITests" */ = {
			isa = XCConfigurationList;
			buildConfigurations = (
				B851A53321842C0F00DAD220 /* Debug */,
				B851A53421842C0F00DAD220 /* Release */,
			);
			defaultConfigurationIsVisible = 0;
			defaultConfigurationName = Release;
		};
/* End XCConfigurationList section */

/* Begin XCVersionGroup section */
		B851A50B21842C0A00DAD220 /* MyContacts.xcdatamodeld */ = {
			isa = XCVersionGroup;
			children = (
				B851A50C21842C0A00DAD220 /* MyContacts.xcdatamodel */,
			);
			currentVersion = B851A50C21842C0A00DAD220 /* MyContacts.xcdatamodel */;
			path = MyContacts.xcdatamodeld;
			sourceTree = "<group>";
			versionGroupType = wrapper.xcdatamodel;
		};
/* End XCVersionGroup section */
	};
	rootObject = B851A4F921842C0A00DAD220 /* Project object */;
}
